// !$*UTF8*$!
{
	archiveVersion = 1;
	classes = {
	};
	objectVersion = 46;
	objects = {

/* Begin PBXBuildFile section */
		710222471F32340D00D9371B /* AppDelegate.swift in Sources */ = {isa = PBXBuildFile; fileRef = 710222461F32340D00D9371B /* AppDelegate.swift */; };
		7102224C1F32340D00D9371B /* Main.storyboard in Resources */ = {isa = PBXBuildFile; fileRef = 7102224A1F32340D00D9371B /* Main.storyboard */; };
		7102224E1F32340D00D9371B /* Assets.xcassets in Resources */ = {isa = PBXBuildFile; fileRef = 7102224D1F32340D00D9371B /* Assets.xcassets */; };
		710222511F32340D00D9371B /* LaunchScreen.storyboard in Resources */ = {isa = PBXBuildFile; fileRef = 7102224F1F32340D00D9371B /* LaunchScreen.storyboard */; };
		710222601F323FBC00D9371B /* Student.swift in Sources */ = {isa = PBXBuildFile; fileRef = 7102225F1F323FBC00D9371B /* Student.swift */; };
/* End PBXBuildFile section */

/* Begin PBXFileReference section */
		710222431F32340D00D9371B /* StudentPut_iOS14.app */ = {isa = PBXFileReference; explicitFileType = wrapper.application; includeInIndex = 0; path = StudentPut_iOS14.app; sourceTree = BUILT_PRODUCTS_DIR; };
		710222461F32340D00D9371B /* AppDelegate.swift */ = {isa = PBXFileReference; lastKnownFileType = sourcecode.swift; path = AppDelegate.swift; sourceTree = "<group>"; };
		7102224B1F32340D00D9371B /* Base */ = {isa = PBXFileReference; lastKnownFileType = file.storyboard; name = Base; path = Base.lproj/Main.storyboard; sourceTree = "<group>"; };
		7102224D1F32340D00D9371B /* Assets.xcassets */ = {isa = PBXFileReference; lastKnownFileType = folder.assetcatalog; path = Assets.xcassets; sourceTree = "<group>"; };
		710222501F32340D00D9371B /* Base */ = {isa = PBXFileReference; lastKnownFileType = file.storyboard; name = Base; path = Base.lproj/LaunchScreen.storyboard; sourceTree = "<group>"; };
		710222521F32340D00D9371B /* Info.plist */ = {isa = PBXFileReference; lastKnownFileType = text.plist.xml; path = Info.plist; sourceTree = "<group>"; };
		7102225F1F323FBC00D9371B /* Student.swift */ = {isa = PBXFileReference; fileEncoding = 4; lastKnownFileType = sourcecode.swift; path = Student.swift; sourceTree = "<group>"; };
/* End PBXFileReference section */

/* Begin PBXFrameworksBuildPhase section */
		710222401F32340D00D9371B /* Frameworks */ = {
			isa = PBXFrameworksBuildPhase;
			buildActionMask = 2147483647;
			files = (
			);
			runOnlyForDeploymentPostprocessing = 0;
		};
/* End PBXFrameworksBuildPhase section */

/* Begin PBXGroup section */
		7102223A1F32340D00D9371B = {
			isa = PBXGroup;
			children = (
				710222451F32340D00D9371B /* StudentPut_iOS14 */,
				710222441F32340D00D9371B /* Products */,
			);
			sourceTree = "<group>";
		};
		710222441F32340D00D9371B /* Products */ = {
			isa = PBXGroup;
			children = (
				710222431F32340D00D9371B /* StudentPut_iOS14.app */,
			);
			name = Products;
			sourceTree = "<group>";
		};
		710222451F32340D00D9371B /* StudentPut_iOS14 */ = {
			isa = PBXGroup;
			children = (
				7102225E1F32371100D9371B /* Models */,
				7102225D1F32370C00D9371B /* ModelControllers */,
				7102225C1F32370700D9371B /* Views */,
				7102225A1F3236FA00D9371B /* ViewControllers */,
				710222591F3236F300D9371B /* Storyboards */,
				710222581F3236ED00D9371B /* Resources */,
			);
			path = StudentPut_iOS14;
			sourceTree = "<group>";
		};
		710222581F3236ED00D9371B /* Resources */ = {
			isa = PBXGroup;
			children = (
				710222461F32340D00D9371B /* AppDelegate.swift */,
				7102224D1F32340D00D9371B /* Assets.xcassets */,
				710222521F32340D00D9371B /* Info.plist */,
			);
			name = Resources;
			sourceTree = "<group>";
		};
		710222591F3236F300D9371B /* Storyboards */ = {
			isa = PBXGroup;
			children = (
				7102224A1F32340D00D9371B /* Main.storyboard */,
				7102224F1F32340D00D9371B /* LaunchScreen.storyboard */,
			);
			name = Storyboards;
			sourceTree = "<group>";
		};
		7102225A1F3236FA00D9371B /* ViewControllers */ = {
			isa = PBXGroup;
			children = (
			);
			name = ViewControllers;
			sourceTree = "<group>";
		};
		7102225C1F32370700D9371B /* Views */ = {
			isa = PBXGroup;
			children = (
			);
			name = Views;
			sourceTree = "<group>";
		};
		7102225D1F32370C00D9371B /* ModelControllers */ = {
			isa = PBXGroup;
			children = (
			);
			name = ModelControllers;
			sourceTree = "<group>";
		};
		7102225E1F32371100D9371B /* Models */ = {
			isa = PBXGroup;
			children = (
				7102225F1F323FBC00D9371B /* Student.swift */,
			);
			name = Models;
			sourceTree = "<group>";
		};
/* End PBXGroup section */

/* Begin PBXNativeTarget section */
		710222421F32340D00D9371B /* StudentPut_iOS14 */ = {
			isa = PBXNativeTarget;
			buildConfigurationList = 710222551F32340D00D9371B /* Build configuration list for PBXNativeTarget "StudentPut_iOS14" */;
			buildPhases = (
				7102223F1F32340D00D9371B /* Sources */,
				710222401F32340D00D9371B /* Frameworks */,
				710222411F32340D00D9371B /* Resources */,
			);
			buildRules = (
			);
			dependencies = (
			);
			name = StudentPut_iOS14;
			productName = StudentPut_iOS14;
			productReference = 710222431F32340D00D9371B /* StudentPut_iOS14.app */;
			productType = "com.apple.product-type.application";
		};
/* End PBXNativeTarget section */

/* Begin PBXProject section */
		7102223B1F32340D00D9371B /* Project object */ = {
			isa = PBXProject;
			attributes = {
				LastSwiftUpdateCheck = 0830;
				LastUpgradeCheck = 0830;
				ORGANIZATIONNAME = "Kaitlyn Barker";
				TargetAttributes = {
					710222421F32340D00D9371B = {
						CreatedOnToolsVersion = 8.3.3;
						DevelopmentTeam = RNFZPCD4YL;
						ProvisioningStyle = Automatic;
					};
				};
			};
			buildConfigurationList = 7102223E1F32340D00D9371B /* Build configuration list for PBXProject "StudentPut_iOS14" */;
			compatibilityVersion = "Xcode 3.2";
			developmentRegion = English;
			hasScannedForEncodings = 0;
			knownRegions = (
				en,
				Base,
			);
			mainGroup = 7102223A1F32340D00D9371B;
			productRefGroup = 710222441F32340D00D9371B /* Products */;
			projectDirPath = "";
			projectRoot = "";
			targets = (
				710222421F32340D00D9371B /* StudentPut_iOS14 */,
			);
		};
/* End PBXProject section */

/* Begin PBXResourcesBuildPhase section */
		710222411F32340D00D9371B /* Resources */ = {
			isa = PBXResourcesBuildPhase;
			buildActionMask = 2147483647;
			files = (
				710222511F32340D00D9371B /* LaunchScreen.storyboard in Resources */,
				7102224E1F32340D00D9371B /* Assets.xcassets in Resources */,
				7102224C1F32340D00D9371B /* Main.storyboard in Resources */,
			);
			runOnlyForDeploymentPostprocessing = 0;
		};
/* End PBXResourcesBuildPhase section */

/* Begin PBXSourcesBuildPhase section */
		7102223F1F32340D00D9371B /* Sources */ = {
			isa = PBXSourcesBuildPhase;
			buildActionMask = 2147483647;
			files = (
				710222471F32340D00D9371B /* AppDelegate.swift in Sources */,
				710222601F323FBC00D9371B /* Student.swift in Sources */,
			);
			runOnlyForDeploymentPostprocessing = 0;
		};
/* End PBXSourcesBuildPhase section */

/* Begin PBXVariantGroup section */
		7102224A1F32340D00D9371B /* Main.storyboard */ = {
			isa = PBXVariantGroup;
			children = (
				7102224B1F32340D00D9371B /* Base */,
			);
			name = Main.storyboard;
			sourceTree = "<group>";
		};
		7102224F1F32340D00D9371B /* LaunchScreen.storyboard */ = {
			isa = PBXVariantGroup;
			children = (
				710222501F32340D00D9371B /* Base */,
			);
			name = LaunchScreen.storyboard;
			sourceTree = "<group>";
		};
/* End PBXVariantGroup section */

/* Begin XCBuildConfiguration section */
		710222531F32340D00D9371B /* Debug */ = {
			isa = XCBuildConfiguration;
			buildSettings = {
				ALWAYS_SEARCH_USER_PATHS = NO;
				CLANG_ANALYZER_NONNULL = YES;
				CLANG_ANALYZER_NUMBER_OBJECT_CONVERSION = YES_AGGRESSIVE;
				CLANG_CXX_LANGUAGE_STANDARD = "gnu++0x";
				CLANG_CXX_LIBRARY = "libc++";
				CLANG_ENABLE_MODULES = YES;
				CLANG_ENABLE_OBJC_ARC = YES;
				CLANG_WARN_BOOL_CONVERSION = YES;
				CLANG_WARN_CONSTANT_CONVERSION = YES;
				CLANG_WARN_DIRECT_OBJC_ISA_USAGE = YES_ERROR;
				CLANG_WARN_DOCUMENTATION_COMMENTS = YES;
				CLANG_WARN_EMPTY_BODY = YES;
				CLANG_WARN_ENUM_CONVERSION = YES;
				CLANG_WARN_INFINITE_RECURSION = YES;
				CLANG_WARN_INT_CONVERSION = YES;
				CLANG_WARN_OBJC_ROOT_CLASS = YES_ERROR;
				CLANG_WARN_SUSPICIOUS_MOVE = YES;
				CLANG_WARN_UNREACHABLE_CODE = YES;
				CLANG_WARN__DUPLICATE_METHOD_MATCH = YES;
				"CODE_SIGN_IDENTITY[sdk=iphoneos*]" = "iPhone Developer";
				COPY_PHASE_STRIP = NO;
				DEBUG_INFORMATION_FORMAT = dwarf;
				ENABLE_STRICT_OBJC_MSGSEND = YES;
				ENABLE_TESTABILITY = YES;
				GCC_C_LANGUAGE_STANDARD = gnu99;
				GCC_DYNAMIC_NO_PIC = NO;
				GCC_NO_COMMON_BLOCKS = YES;
				GCC_OPTIMIZATION_LEVEL = 0;
				GCC_PREPROCESSOR_DEFINITIONS = (
					"DEBUG=1",
					"$(inherited)",
				);
				GCC_WARN_64_TO_32_BIT_CONVERSION = YES;
				GCC_WARN_ABOUT_RETURN_TYPE = YES_ERROR;
				GCC_WARN_UNDECLARED_SELECTOR = YES;
				GCC_WARN_UNINITIALIZED_AUTOS = YES_AGGRESSIVE;
				GCC_WARN_UNUSED_FUNCTION = YES;
				GCC_WARN_UNUSED_VARIABLE = YES;
				IPHONEOS_DEPLOYMENT_TARGET = 10.3;
				MTL_ENABLE_DEBUG_INFO = YES;
				ONLY_ACTIVE_ARCH = YES;
				SDKROOT = iphoneos;
				SWIFT_ACTIVE_COMPILATION_CONDITIONS = DEBUG;
				SWIFT_OPTIMIZATION_LEVEL = "-Onone";
				TARGETED_DEVICE_FAMILY = "1,2";
			};
			name = Debug;
		};
		710222541F32340D00D9371B /* Release */ = {
			isa = XCBuildConfiguration;
			buildSettings = {
				ALWAYS_SEARCH_USER_PATHS = NO;
				CLANG_ANALYZER_NONNULL = YES;
				CLANG_ANALYZER_NUMBER_OBJECT_CONVERSION = YES_AGGRESSIVE;
				CLANG_CXX_LANGUAGE_STANDARD = "gnu++0x";
				CLANG_CXX_LIBRARY = "libc++";
				CLANG_ENABLE_MODULES = YES;
				CLANG_ENABLE_OBJC_ARC = YES;
				CLANG_WARN_BOOL_CONVERSION = YES;
				CLANG_WARN_CONSTANT_CONVERSION = YES;
				CLANG_WARN_DIRECT_OBJC_ISA_USAGE = YES_ERROR;
				CLANG_WARN_DOCUMENTATION_COMMENTS = YES;
				CLANG_WARN_EMPTY_BODY = YES;
				CLANG_WARN_ENUM_CONVERSION = YES;
				CLANG_WARN_INFINITE_RECURSION = YES;
				CLANG_WARN_INT_CONVERSION = YES;
				CLANG_WARN_OBJC_ROOT_CLASS = YES_ERROR;
				CLANG_WARN_SUSPICIOUS_MOVE = YES;
				CLANG_WARN_UNREACHABLE_CODE = YES;
				CLANG_WARN__DUPLICATE_METHOD_MATCH = YES;
				"CODE_SIGN_IDENTITY[sdk=iphoneos*]" = "iPhone Developer";
				COPY_PHASE_STRIP = NO;
				DEBUG_INFORMATION_FORMAT = "dwarf-with-dsym";
				ENABLE_NS_ASSERTIONS = NO;
				ENABLE_STRICT_OBJC_MSGSEND = YES;
				GCC_C_LANGUAGE_STANDARD = gnu99;
				GCC_NO_COMMON_BLOCKS = YES;
				GCC_WARN_64_TO_32_BIT_CONVERSION = YES;
				GCC_WARN_ABOUT_RETURN_TYPE = YES_ERROR;
				GCC_WARN_UNDECLARED_SELECTOR = YES;
				GCC_WARN_UNINITIALIZED_AUTOS = YES_AGGRESSIVE;
				GCC_WARN_UNUSED_FUNCTION = YES;
				GCC_WARN_UNUSED_VARIABLE = YES;
				IPHONEOS_DEPLOYMENT_TARGET = 10.3;
				MTL_ENABLE_DEBUG_INFO = NO;
				SDKROOT = iphoneos;
				SWIFT_OPTIMIZATION_LEVEL = "-Owholemodule";
				TARGETED_DEVICE_FAMILY = "1,2";
				VALIDATE_PRODUCT = YES;
			};
			name = Release;
		};
		710222561F32340D00D9371B /* Debug */ = {
			isa = XCBuildConfiguration;
			buildSettings = {
				ASSETCATALOG_COMPILER_APPICON_NAME = AppIcon;
				DEVELOPMENT_TEAM = RNFZPCD4YL;
				INFOPLIST_FILE = StudentPut_iOS14/Info.plist;
				LD_RUNPATH_SEARCH_PATHS = "$(inherited) @executable_path/Frameworks";
				PRODUCT_BUNDLE_IDENTIFIER = "com.kaitlynbarker.StudentPut-iOS14";
				PRODUCT_NAME = "$(TARGET_NAME)";
				SWIFT_VERSION = 3.0;
			};
			name = Debug;
		};
		710222571F32340D00D9371B /* Release */ = {
			isa = XCBuildConfiguration;
			buildSettings = {
				ASSETCATALOG_COMPILER_APPICON_NAME = AppIcon;
				DEVELOPMENT_TEAM = RNFZPCD4YL;
				INFOPLIST_FILE = StudentPut_iOS14/Info.plist;
				LD_RUNPATH_SEARCH_PATHS = "$(inherited) @executable_path/Frameworks";
				PRODUCT_BUNDLE_IDENTIFIER = "com.kaitlynbarker.StudentPut-iOS14";
				PRODUCT_NAME = "$(TARGET_NAME)";
				SWIFT_VERSION = 3.0;
			};
			name = Release;
		};
/* End XCBuildConfiguration section */

/* Begin XCConfigurationList section */
		7102223E1F32340D00D9371B /* Build configuration list for PBXProject "StudentPut_iOS14" */ = {
			isa = XCConfigurationList;
			buildConfigurations = (
				710222531F32340D00D9371B /* Debug */,
				710222541F32340D00D9371B /* Release */,
			);
			defaultConfigurationIsVisible = 0;
			defaultConfigurationName = Release;
		};
		710222551F32340D00D9371B /* Build configuration list for PBXNativeTarget "StudentPut_iOS14" */ = {
			isa = XCConfigurationList;
			buildConfigurations = (
				710222561F32340D00D9371B /* Debug */,
				710222571F32340D00D9371B /* Release */,
			);
			defaultConfigurationIsVisible = 0;
			defaultConfigurationName = Release;
		};
/* End XCConfigurationList section */
	};
	rootObject = 7102223B1F32340D00D9371B /* Project object */;
}
